
Microsoft Visual Studio Solution File, Format Version 12.00
# Visual Studio 15
VisualStudioVersion = 15.0.26228.9
MinimumVisualStudioVersion = 10.0.40219.1
Project("{8BC9CEB8-8B4A-11D0-8D11-00A0C91BC942}") = "Quantization_Engine", "Quantization_Engine\Quantization_Engine.vcxproj", "{EC64FE5D-6610-470D-8382-F44A064F561A}"
EndProject
Project("{FAE04EC0-301F-11D3-BF4B-00C04F79EFBC}") = "Quantization_Tool", "Quantization_Tool\Quantization_Tool.csproj", "{89A969F4-C458-4101-A087-6D544E53FF7F}"
	ProjectSection(ProjectDependencies) = postProject
		{EC64FE5D-6610-470D-8382-F44A064F561A} = {EC64FE5D-6610-470D-8382-F44A064F561A}
	EndProjectSection
EndProject
Project("{8BC9CEB8-8B4A-11D0-8D11-00A0C91BC942}") = "Wrapper_Class", "Wrapper_Class\Wrapper_Class.vcxproj", "{D0F4D312-B9CE-4681-87B8-D3B625742C07}"
EndProject
Global
	GlobalSection(SolutionConfigurationPlatforms) = preSolution
		Debug|Any CPU = Debug|Any CPU
		Debug|x64 = Debug|x64
		Debug|x86 = Debug|x86
		Release|Any CPU = Release|Any CPU
		Release|x64 = Release|x64
		Release|x86 = Release|x86
	EndGlobalSection
	GlobalSection(ProjectConfigurationPlatforms) = postSolution
		{EC64FE5D-6610-470D-8382-F44A064F561A}.Debug|Any CPU.ActiveCfg = Debug|Win32
		{EC64FE5D-6610-470D-8382-F44A064F561A}.Debug|x64.ActiveCfg = Debug|x64
		{EC64FE5D-6610-470D-8382-F44A064F561A}.Debug|x64.Build.0 = Debug|x64
		{EC64FE5D-6610-470D-8382-F44A064F561A}.Debug|x86.ActiveCfg = Debug|Win32
		{EC64FE5D-6610-470D-8382-F44A064F561A}.Debug|x86.Build.0 = Debug|Win32
		{EC64FE5D-6610-470D-8382-F44A064F561A}.Release|Any CPU.ActiveCfg = Release|Win32
		{EC64FE5D-6610-470D-8382-F44A064F561A}.Release|x64.ActiveCfg = Release|x64
		{EC64FE5D-6610-470D-8382-F44A064F561A}.Release|x64.Build.0 = Release|x64
		{EC64FE5D-6610-470D-8382-F44A064F561A}.Release|x86.ActiveCfg = Release|Win32
		{EC64FE5D-6610-470D-8382-F44A064F561A}.Release|x86.Build.0 = Release|Win32
		{89A969F4-C458-4101-A087-6D544E53FF7F}.Debug|Any CPU.ActiveCfg = Debug|Any CPU
		{89A969F4-C458-4101-A087-6D544E53FF7F}.Debug|Any CPU.Build.0 = Debug|Any CPU
		{89A969F4-C458-4101-A087-6D544E53FF7F}.Debug|x64.ActiveCfg = Debug|x64
		{89A969F4-C458-4101-A087-6D544E53FF7F}.Debug|x64.Build.0 = Debug|x64
		{89A969F4-C458-4101-A087-6D544E53FF7F}.Debug|x86.ActiveCfg = Debug|x86
		{89A969F4-C458-4101-A087-6D544E53FF7F}.Debug|x86.Build.0 = Debug|x86
		{89A969F4-C458-4101-A087-6D544E53FF7F}.Release|Any CPU.ActiveCfg = Release|Any CPU
		{89A969F4-C458-4101-A087-6D544E53FF7F}.Release|Any CPU.Build.0 = Release|Any CPU
		{89A969F4-C458-4101-A087-6D544E53FF7F}.Release|x64.ActiveCfg = Release|Any CPU
		{89A969F4-C458-4101-A087-6D544E53FF7F}.Release|x64.Build.0 = Release|Any CPU
		{89A969F4-C458-4101-A087-6D544E53FF7F}.Release|x86.ActiveCfg = Release|Any CPU
		{89A969F4-C458-4101-A087-6D544E53FF7F}.Release|x86.Build.0 = Release|Any CPU
		{D0F4D312-B9CE-4681-87B8-D3B625742C07}.Debug|Any CPU.ActiveCfg = Debug|Win32
		{D0F4D312-B9CE-4681-87B8-D3B625742C07}.Debug|x64.ActiveCfg = Debug|x64
		{D0F4D312-B9CE-4681-87B8-D3B625742C07}.Debug|x64.Build.0 = Debug|x64
		{D0F4D312-B9CE-4681-87B8-D3B625742C07}.Debug|x86.ActiveCfg = Debug|Win32
		{D0F4D312-B9CE-4681-87B8-D3B625742C07}.Debug|x86.Build.0 = Debug|Win32
		{D0F4D312-B9CE-4681-87B8-D3B625742C07}.Release|Any CPU.ActiveCfg = Release|Win32
		{D0F4D312-B9CE-4681-87B8-D3B625742C07}.Release|x64.ActiveCfg = Release|x64
		{D0F4D312-B9CE-4681-87B8-D3B625742C07}.Release|x64.Build.0 = Release|x64
		{D0F4D312-B9CE-4681-87B8-D3B625742C07}.Release|x86.ActiveCfg = Release|Win32
		{D0F4D312-B9CE-4681-87B8-D3B625742C07}.Release|x86.Build.0 = Release|Win32
	EndGlobalSection
	GlobalSection(SolutionProperties) = preSolution
		HideSolutionNode = FALSE
	EndGlobalSection
	GlobalSection(ExtensibilityGlobals) = postSolution
		SolutionGuid = {F2AAED9B-E9F0-4F86-BE1B-2AEDF11AF3BD}
	EndGlobalSection
EndGlobal
